
Microsoft Visual Studio Solution File, Format Version 12.00
# Visual Studio Version 17
VisualStudioVersion = 17.8.34316.72
MinimumVisualStudioVersion = 10.0.40219.1
Project("{FAE04EC0-301F-11D3-BF4B-00C04F79EFBC}") = "WebImmobilier", "WebImmobilier\WebImmobilier.csproj", "{6E298D27-60BA-460A-AC4A-79D220A0E031}"
EndProject
Global
	GlobalSection(SolutionConfigurationPlatforms) = preSolution
		Debug|Any CPU = Debug|Any CPU
		Release|Any CPU = Release|Any CPU
	EndGlobalSection
	GlobalSection(ProjectConfigurationPlatforms) = postSolution
		{6E298D27-60BA-460A-AC4A-79D220A0E031}.Debug|Any CPU.ActiveCfg = Debug|Any CPU
		{6E298D27-60BA-460A-AC4A-79D220A0E031}.Debug|Any CPU.Build.0 = Debug|Any CPU
		{6E298D27-60BA-460A-AC4A-79D220A0E031}.Release|Any CPU.ActiveCfg = Release|Any CPU
		{6E298D27-60BA-460A-AC4A-79D220A0E031}.Release|Any CPU.Build.0 = Release|Any CPU
	EndGlobalSection
	GlobalSection(SolutionProperties) = preSolution
		HideSolutionNode = FALSE
	EndGlobalSection
	GlobalSection(ExtensibilityGlobals) = postSolution
		SolutionGuid = {2A55AC32-1314-4A00-B0F7-5E029B2D9270}
	EndGlobalSection
EndGlobal
